
Microsoft Visual Studio Solution File, Format Version 12.00
# Visual Studio 15
VisualStudioVersion = 15.0.28307.329
MinimumVisualStudioVersion = 10.0.40219.1
Project("{FAE04EC0-301F-11D3-BF4B-00C04F79EFBC}") = "RhinoGit", "RhinoGit\RhinoGit.csproj", "{BF689CF6-B724-47E0-9E09-4CEDBEA6CB0B}"
EndProject
Global
	GlobalSection(SolutionConfigurationPlatforms) = preSolution
		Debug|Any CPU = Debug|Any CPU
		Release|Any CPU = Release|Any CPU
	EndGlobalSection
	GlobalSection(ProjectConfigurationPlatforms) = postSolution
		{BF689CF6-B724-47E0-9E09-4CEDBEA6CB0B}.Debug|Any CPU.ActiveCfg = Debug|Any CPU
		{BF689CF6-B724-47E0-9E09-4CEDBEA6CB0B}.Debug|Any CPU.Build.0 = Debug|Any CPU
		{BF689CF6-B724-47E0-9E09-4CEDBEA6CB0B}.Release|Any CPU.ActiveCfg = Release|Any CPU
		{BF689CF6-B724-47E0-9E09-4CEDBEA6CB0B}.Release|Any CPU.Build.0 = Release|Any CPU
	EndGlobalSection
	GlobalSection(SolutionProperties) = preSolution
		HideSolutionNode = FALSE
	EndGlobalSection
	GlobalSection(ExtensibilityGlobals) = postSolution
		SolutionGuid = {6F43F2B1-62DE-43EC-A96E-05C5F950786C}
	EndGlobalSection
EndGlobal
